
Microsoft Visual Studio Solution File, Format Version 12.00
# Visual Studio Version 16
VisualStudioVersion = 16.0.30717.126
MinimumVisualStudioVersion = 10.0.40219.1
Project("{FAE04EC0-301F-11D3-BF4B-00C04F79EFBC}") = "MangaReader", "MangaReader.csproj", "{A0880402-1616-48EC-A59B-F15BB5A2DD5A}"
EndProject
Global
	GlobalSection(SolutionConfigurationPlatforms) = preSolution
		Debug|Any CPU = Debug|Any CPU
		Release|Any CPU = Release|Any CPU
	EndGlobalSection
	GlobalSection(ProjectConfigurationPlatforms) = postSolution
		{A0880402-1616-48EC-A59B-F15BB5A2DD5A}.Debug|Any CPU.ActiveCfg = Debug|Any CPU
		{A0880402-1616-48EC-A59B-F15BB5A2DD5A}.Debug|Any CPU.Build.0 = Debug|Any CPU
		{A0880402-1616-48EC-A59B-F15BB5A2DD5A}.Release|Any CPU.ActiveCfg = Release|Any CPU
		{A0880402-1616-48EC-A59B-F15BB5A2DD5A}.Release|Any CPU.Build.0 = Release|Any CPU
	EndGlobalSection
	GlobalSection(SolutionProperties) = preSolution
		HideSolutionNode = FALSE
	EndGlobalSection
	GlobalSection(ExtensibilityGlobals) = postSolution
		SolutionGuid = {3355B98F-04F9-4F20-BC74-78857830B1DF}
	EndGlobalSection
EndGlobal
